
Microsoft Visual Studio Solution File, Format Version 12.00
# Visual Studio Version 17
VisualStudioVersion = 17.8.34525.116
MinimumVisualStudioVersion = 10.0.40219.1
Project("{8BC9CEB8-8B4A-11D0-8D11-00A0C91BC942}") = "SubmoduleTest", "SubmoduleTest.vcxproj", "{42EB2B34-2508-4743-95B9-B98ADF51D97F}"
	ProjectSection(ProjectDependencies) = postProject
		{79DFFDCF-2A2E-4E9D-BFE1-04A16D9ACBA0} = {79DFFDCF-2A2E-4E9D-BFE1-04A16D9ACBA0}
	EndProjectSection
EndProject
Project("{8BC9CEB8-8B4A-11D0-8D11-00A0C91BC942}") = "ProjectCreatedFromRepoA", "..\submodule_test_B\ProjectCreatedFromRepoA\ProjectCreatedFromRepoA.vcxproj", "{79DFFDCF-2A2E-4E9D-BFE1-04A16D9ACBA0}"
EndProject
Global
	GlobalSection(SolutionConfigurationPlatforms) = preSolution
		Debug|x64 = Debug|x64
		Debug|x86 = Debug|x86
		Release|x64 = Release|x64
		Release|x86 = Release|x86
	EndGlobalSection
	GlobalSection(ProjectConfigurationPlatforms) = postSolution
		{42EB2B34-2508-4743-95B9-B98ADF51D97F}.Debug|x64.ActiveCfg = Debug|x64
		{42EB2B34-2508-4743-95B9-B98ADF51D97F}.Debug|x64.Build.0 = Debug|x64
		{42EB2B34-2508-4743-95B9-B98ADF51D97F}.Debug|x86.ActiveCfg = Debug|Win32
		{42EB2B34-2508-4743-95B9-B98ADF51D97F}.Debug|x86.Build.0 = Debug|Win32
		{42EB2B34-2508-4743-95B9-B98ADF51D97F}.Release|x64.ActiveCfg = Release|x64
		{42EB2B34-2508-4743-95B9-B98ADF51D97F}.Release|x64.Build.0 = Release|x64
		{42EB2B34-2508-4743-95B9-B98ADF51D97F}.Release|x86.ActiveCfg = Release|Win32
		{42EB2B34-2508-4743-95B9-B98ADF51D97F}.Release|x86.Build.0 = Release|Win32
		{79DFFDCF-2A2E-4E9D-BFE1-04A16D9ACBA0}.Debug|x64.ActiveCfg = Debug|x64
		{79DFFDCF-2A2E-4E9D-BFE1-04A16D9ACBA0}.Debug|x64.Build.0 = Debug|x64
		{79DFFDCF-2A2E-4E9D-BFE1-04A16D9ACBA0}.Debug|x86.ActiveCfg = Debug|Win32
		{79DFFDCF-2A2E-4E9D-BFE1-04A16D9ACBA0}.Debug|x86.Build.0 = Debug|Win32
		{79DFFDCF-2A2E-4E9D-BFE1-04A16D9ACBA0}.Release|x64.ActiveCfg = Release|x64
		{79DFFDCF-2A2E-4E9D-BFE1-04A16D9ACBA0}.Release|x64.Build.0 = Release|x64
		{79DFFDCF-2A2E-4E9D-BFE1-04A16D9ACBA0}.Release|x86.ActiveCfg = Release|Win32
		{79DFFDCF-2A2E-4E9D-BFE1-04A16D9ACBA0}.Release|x86.Build.0 = Release|Win32
	EndGlobalSection
	GlobalSection(SolutionProperties) = preSolution
		HideSolutionNode = FALSE
	EndGlobalSection
	GlobalSection(ExtensibilityGlobals) = postSolution
		SolutionGuid = {EC666B14-BDA7-4D56-B091-CAE3A7634EAE}
	EndGlobalSection
EndGlobal
